{
  "object": {
    "pins": [
      {
        "package": "CX265",
        "repositoryURL": "https://github.com/kojirou1994/CX265.git",
        "state": {
          "branch": "main",
          "revision": "5b253c6026b9e13dd0ee4832d4afce717ceda3b8",
          "version": null
        }
      }
    ]
  },
  "version": 1
}
